
Microsoft Visual Studio Solution File, Format Version 12.00
# Visual Studio Version 17
VisualStudioVersion = 17.10.35122.118
MinimumVisualStudioVersion = 10.0.40219.1
Project("{FAE04EC0-301F-11D3-BF4B-00C04F79EFBC}") = "Calculation", "Calculation\Calculation.csproj", "{9F2F0595-1989-41A0-A087-93228DDF79AE}"
EndProject
Project("{FAE04EC0-301F-11D3-BF4B-00C04F79EFBC}") = "Domain", "Domain\Domain.csproj", "{9C0CF4E4-1FCA-4E9C-A6AE-02E849D5D048}"
EndProject
Project("{FAE04EC0-301F-11D3-BF4B-00C04F79EFBC}") = "Web", "Web\Web.csproj", "{3EABBF2C-8C5F-4D34-8850-26917E1490D0}"
EndProject
Global
	GlobalSection(SolutionConfigurationPlatforms) = preSolution
		Debug|Any CPU = Debug|Any CPU
		Release|Any CPU = Release|Any CPU
	EndGlobalSection
	GlobalSection(ProjectConfigurationPlatforms) = postSolution
		{9F2F0595-1989-41A0-A087-93228DDF79AE}.Debug|Any CPU.ActiveCfg = Debug|Any CPU
		{9F2F0595-1989-41A0-A087-93228DDF79AE}.Debug|Any CPU.Build.0 = Debug|Any CPU
		{9F2F0595-1989-41A0-A087-93228DDF79AE}.Release|Any CPU.ActiveCfg = Release|Any CPU
		{9F2F0595-1989-41A0-A087-93228DDF79AE}.Release|Any CPU.Build.0 = Release|Any CPU
		{9C0CF4E4-1FCA-4E9C-A6AE-02E849D5D048}.Debug|Any CPU.ActiveCfg = Debug|Any CPU
		{9C0CF4E4-1FCA-4E9C-A6AE-02E849D5D048}.Debug|Any CPU.Build.0 = Debug|Any CPU
		{9C0CF4E4-1FCA-4E9C-A6AE-02E849D5D048}.Release|Any CPU.ActiveCfg = Release|Any CPU
		{9C0CF4E4-1FCA-4E9C-A6AE-02E849D5D048}.Release|Any CPU.Build.0 = Release|Any CPU
		{3EABBF2C-8C5F-4D34-8850-26917E1490D0}.Debug|Any CPU.ActiveCfg = Debug|Any CPU
		{3EABBF2C-8C5F-4D34-8850-26917E1490D0}.Debug|Any CPU.Build.0 = Debug|Any CPU
		{3EABBF2C-8C5F-4D34-8850-26917E1490D0}.Release|Any CPU.ActiveCfg = Release|Any CPU
		{3EABBF2C-8C5F-4D34-8850-26917E1490D0}.Release|Any CPU.Build.0 = Release|Any CPU
	EndGlobalSection
	GlobalSection(SolutionProperties) = preSolution
		HideSolutionNode = FALSE
	EndGlobalSection
	GlobalSection(ExtensibilityGlobals) = postSolution
		SolutionGuid = {39A841A0-8DF8-4218-9973-EC81830FB72B}
	EndGlobalSection
EndGlobal
